// !$*UTF8*$!
{
	archiveVersion = 1;
	classes = {
	};
	objectVersion = 56;
	objects = {

/* Begin PBXBuildFile section */
		12470EFA2D978A9900C97170 /* EditProductView.swift in Sources */ = {isa = PBXBuildFile; fileRef = 12470EF92D978A9900C97170 /* EditProductView.swift */; };
		12470EFC2D978BA900C97170 /* AddProductView.swift in Sources */ = {isa = PBXBuildFile; fileRef = 12470EFB2D978BA900C97170 /* AddProductView.swift */; };
		12FD6CDD2D97853C007CC2FE /* A2_iOS_Naomi_101441399App.swift in Sources */ = {isa = PBXBuildFile; fileRef = 12FD6CDC2D97853C007CC2FE /* A2_iOS_Naomi_101441399App.swift */; };
		12FD6CDF2D97853C007CC2FE /* ContentView.swift in Sources */ = {isa = PBXBuildFile; fileRef = 12FD6CDE2D97853C007CC2FE /* ContentView.swift */; };
		12FD6CE12D97853E007CC2FE /* Assets.xcassets in Resources */ = {isa = PBXBuildFile; fileRef = 12FD6CE02D97853E007CC2FE /* Assets.xcassets */; };
		12FD6CE42D97853E007CC2FE /* Preview Assets.xcassets in Resources */ = {isa = PBXBuildFile; fileRef = 12FD6CE32D97853E007CC2FE /* Preview Assets.xcassets */; };
		12FD6CE62D97853E007CC2FE /* Persistence.swift in Sources */ = {isa = PBXBuildFile; fileRef = 12FD6CE52D97853E007CC2FE /* Persistence.swift */; };
		12FD6CE92D97853E007CC2FE /* A2_iOS_Naomi_101441399.xcdatamodeld in Sources */ = {isa = PBXBuildFile; fileRef = 12FD6CE72D97853E007CC2FE /* A2_iOS_Naomi_101441399.xcdatamodeld */; };
		12FD6CF32D97853E007CC2FE /* A2_iOS_Naomi_101441399Tests.swift in Sources */ = {isa = PBXBuildFile; fileRef = 12FD6CF22D97853E007CC2FE /* A2_iOS_Naomi_101441399Tests.swift */; };
		12FD6CFD2D97853E007CC2FE /* A2_iOS_Naomi_101441399UITests.swift in Sources */ = {isa = PBXBuildFile; fileRef = 12FD6CFC2D97853E007CC2FE /* A2_iOS_Naomi_101441399UITests.swift */; };
		12FD6CFF2D97853E007CC2FE /* A2_iOS_Naomi_101441399UITestsLaunchTests.swift in Sources */ = {isa = PBXBuildFile; fileRef = 12FD6CFE2D97853E007CC2FE /* A2_iOS_Naomi_101441399UITestsLaunchTests.swift */; };
		12FD6D0C2D9786E7007CC2FE /* ProductDetailView.swift in Sources */ = {isa = PBXBuildFile; fileRef = 12FD6D0B2D9786E7007CC2FE /* ProductDetailView.swift */; };
/* End PBXBuildFile section */

/* Begin PBXContainerItemProxy section */
		12FD6CEF2D97853E007CC2FE /* PBXContainerItemProxy */ = {
			isa = PBXContainerItemProxy;
			containerPortal = 12FD6CD12D97853C007CC2FE /* Project object */;
			proxyType = 1;
			remoteGlobalIDString = 12FD6CD82D97853C007CC2FE;
			remoteInfo = A2_iOS_Naomi_101441399;
		};
		12FD6CF92D97853E007CC2FE /* PBXContainerItemProxy */ = {
			isa = PBXContainerItemProxy;
			containerPortal = 12FD6CD12D97853C007CC2FE /* Project object */;
			proxyType = 1;
			remoteGlobalIDString = 12FD6CD82D97853C007CC2FE;
			remoteInfo = A2_iOS_Naomi_101441399;
		};
/* End PBXContainerItemProxy section */

/* Begin PBXFileReference section */
		12470EF92D978A9900C97170 /* EditProductView.swift */ = {isa = PBXFileReference; lastKnownFileType = sourcecode.swift; path = EditProductView.swift; sourceTree = "<group>"; };
		12470EFB2D978BA900C97170 /* AddProductView.swift */ = {isa = PBXFileReference; lastKnownFileType = sourcecode.swift; path = AddProductView.swift; sourceTree = "<group>"; };
		12FD6CD92D97853C007CC2FE /* A2_iOS_Naomi_101441399.app */ = {isa = PBXFileReference; explicitFileType = wrapper.application; includeInIndex = 0; path = A2_iOS_Naomi_101441399.app; sourceTree = BUILT_PRODUCTS_DIR; };
		12FD6CDC2D97853C007CC2FE /* A2_iOS_Naomi_101441399App.swift */ = {isa = PBXFileReference; lastKnownFileType = sourcecode.swift; path = A2_iOS_Naomi_101441399App.swift; sourceTree = "<group>"; };
		12FD6CDE2D97853C007CC2FE /* ContentView.swift */ = {isa = PBXFileReference; lastKnownFileType = sourcecode.swift; path = ContentView.swift; sourceTree = "<group>"; };
		12FD6CE02D97853E007CC2FE /* Assets.xcassets */ = {isa = PBXFileReference; lastKnownFileType = folder.assetcatalog; path = Assets.xcassets; sourceTree = "<group>"; };
		12FD6CE32D97853E007CC2FE /* Preview Assets.xcassets */ = {isa = PBXFileReference; lastKnownFileType = folder.assetcatalog; path = "Preview Assets.xcassets"; sourceTree = "<group>"; };
		12FD6CE52D97853E007CC2FE /* Persistence.swift */ = {isa = PBXFileReference; lastKnownFileType = sourcecode.swift; path = Persistence.swift; sourceTree = "<group>"; };
		12FD6CE82D97853E007CC2FE /* A2_iOS_Naomi_101441399.xcdatamodel */ = {isa = PBXFileReference; lastKnownFileType = wrapper.xcdatamodel; path = A2_iOS_Naomi_101441399.xcdatamodel; sourceTree = "<group>"; };
		12FD6CEE2D97853E007CC2FE /* A2_iOS_Naomi_101441399Tests.xctest */ = {isa = PBXFileReference; explicitFileType = wrapper.cfbundle; includeInIndex = 0; path = A2_iOS_Naomi_101441399Tests.xctest; sourceTree = BUILT_PRODUCTS_DIR; };
		12FD6CF22D97853E007CC2FE /* A2_iOS_Naomi_101441399Tests.swift */ = {isa = PBXFileReference; lastKnownFileType = sourcecode.swift; path = A2_iOS_Naomi_101441399Tests.swift; sourceTree = "<group>"; };
		12FD6CF82D97853E007CC2FE /* A2_iOS_Naomi_101441399UITests.xctest */ = {isa = PBXFileReference; explicitFileType = wrapper.cfbundle; includeInIndex = 0; path = A2_iOS_Naomi_101441399UITests.xctest; sourceTree = BUILT_PRODUCTS_DIR; };
		12FD6CFC2D97853E007CC2FE /* A2_iOS_Naomi_101441399UITests.swift */ = {isa = PBXFileReference; lastKnownFileType = sourcecode.swift; path = A2_iOS_Naomi_101441399UITests.swift; sourceTree = "<group>"; };
		12FD6CFE2D97853E007CC2FE /* A2_iOS_Naomi_101441399UITestsLaunchTests.swift */ = {isa = PBXFileReference; lastKnownFileType = sourcecode.swift; path = A2_iOS_Naomi_101441399UITestsLaunchTests.swift; sourceTree = "<group>"; };
		12FD6D0B2D9786E7007CC2FE /* ProductDetailView.swift */ = {isa = PBXFileReference; lastKnownFileType = sourcecode.swift; path = ProductDetailView.swift; sourceTree = "<group>"; };
/* End PBXFileReference section */

/* Begin PBXFrameworksBuildPhase section */
		12FD6CD62D97853C007CC2FE /* Frameworks */ = {
			isa = PBXFrameworksBuildPhase;
			buildActionMask = 2147483647;
			files = (
			);
			runOnlyForDeploymentPostprocessing = 0;
		};
		12FD6CEB2D97853E007CC2FE /* Frameworks */ = {
			isa = PBXFrameworksBuildPhase;
			buildActionMask = 2147483647;
			files = (
			);
			runOnlyForDeploymentPostprocessing = 0;
		};
		12FD6CF52D97853E007CC2FE /* Frameworks */ = {
			isa = PBXFrameworksBuildPhase;
			buildActionMask = 2147483647;
			files = (
			);
			runOnlyForDeploymentPostprocessing = 0;
		};
/* End PBXFrameworksBuildPhase section */

/* Begin PBXGroup section */
		12FD6CD02D97853C007CC2FE = {
			isa = PBXGroup;
			children = (
				12FD6CDB2D97853C007CC2FE /* A2_iOS_Naomi_101441399 */,
				12FD6CF12D97853E007CC2FE /* A2_iOS_Naomi_101441399Tests */,
				12FD6CFB2D97853E007CC2FE /* A2_iOS_Naomi_101441399UITests */,
				12FD6CDA2D97853C007CC2FE /* Products */,
			);
			sourceTree = "<group>";
		};
		12FD6CDA2D97853C007CC2FE /* Products */ = {
			isa = PBXGroup;
			children = (
				12FD6CD92D97853C007CC2FE /* A2_iOS_Naomi_101441399.app */,
				12FD6CEE2D97853E007CC2FE /* A2_iOS_Naomi_101441399Tests.xctest */,
				12FD6CF82D97853E007CC2FE /* A2_iOS_Naomi_101441399UITests.xctest */,
			);
			name = Products;
			sourceTree = "<group>";
		};
		12FD6CDB2D97853C007CC2FE /* A2_iOS_Naomi_101441399 */ = {
			isa = PBXGroup;
			children = (
				12FD6CDC2D97853C007CC2FE /* A2_iOS_Naomi_101441399App.swift */,
				12FD6D0B2D9786E7007CC2FE /* ProductDetailView.swift */,
				12FD6CDE2D97853C007CC2FE /* ContentView.swift */,
				12FD6CE02D97853E007CC2FE /* Assets.xcassets */,
				12FD6CE52D97853E007CC2FE /* Persistence.swift */,
				12FD6CE72D97853E007CC2FE /* A2_iOS_Naomi_101441399.xcdatamodeld */,
				12FD6CE22D97853E007CC2FE /* Preview Content */,
				12470EF92D978A9900C97170 /* EditProductView.swift */,
				12470EFB2D978BA900C97170 /* AddProductView.swift */,
			);
			path = A2_iOS_Naomi_101441399;
			sourceTree = "<group>";
		};
		12FD6CE22D97853E007CC2FE /* Preview Content */ = {
			isa = PBXGroup;
			children = (
				12FD6CE32D97853E007CC2FE /* Preview Assets.xcassets */,
			);
			path = "Preview Content";
			sourceTree = "<group>";
		};
		12FD6CF12D97853E007CC2FE /* A2_iOS_Naomi_101441399Tests */ = {
			isa = PBXGroup;
			children = (
				12FD6CF22D97853E007CC2FE /* A2_iOS_Naomi_101441399Tests.swift */,
			);
			path = A2_iOS_Naomi_101441399Tests;
			sourceTree = "<group>";
		};
		12FD6CFB2D97853E007CC2FE /* A2_iOS_Naomi_101441399UITests */ = {
			isa = PBXGroup;
			children = (
				12FD6CFC2D97853E007CC2FE /* A2_iOS_Naomi_101441399UITests.swift */,
				12FD6CFE2D97853E007CC2FE /* A2_iOS_Naomi_101441399UITestsLaunchTests.swift */,
			);
			path = A2_iOS_Naomi_101441399UITests;
			sourceTree = "<group>";
		};
/* End PBXGroup section */

/* Begin PBXNativeTarget section */
		12FD6CD82D97853C007CC2FE /* A2_iOS_Naomi_101441399 */ = {
			isa = PBXNativeTarget;
			buildConfigurationList = 12FD6D022D97853E007CC2FE /* Build configuration list for PBXNativeTarget "A2_iOS_Naomi_101441399" */;
			buildPhases = (
				12FD6CD52D97853C007CC2FE /* Sources */,
				12FD6CD62D97853C007CC2FE /* Frameworks */,
				12FD6CD72D97853C007CC2FE /* Resources */,
			);
			buildRules = (
			);
			dependencies = (
			);
			name = A2_iOS_Naomi_101441399;
			productName = A2_iOS_Naomi_101441399;
			productReference = 12FD6CD92D97853C007CC2FE /* A2_iOS_Naomi_101441399.app */;
			productType = "com.apple.product-type.application";
		};
		12FD6CED2D97853E007CC2FE /* A2_iOS_Naomi_101441399Tests */ = {
			isa = PBXNativeTarget;
			buildConfigurationList = 12FD6D052D97853E007CC2FE /* Build configuration list for PBXNativeTarget "A2_iOS_Naomi_101441399Tests" */;
			buildPhases = (
				12FD6CEA2D97853E007CC2FE /* Sources */,
				12FD6CEB2D97853E007CC2FE /* Frameworks */,
				12FD6CEC2D97853E007CC2FE /* Resources */,
			);
			buildRules = (
			);
			dependencies = (
				12FD6CF02D97853E007CC2FE /* PBXTargetDependency */,
			);
			name = A2_iOS_Naomi_101441399Tests;
			productName = A2_iOS_Naomi_101441399Tests;
			productReference = 12FD6CEE2D97853E007CC2FE /* A2_iOS_Naomi_101441399Tests.xctest */;
			productType = "com.apple.product-type.bundle.unit-test";
		};
		12FD6CF72D97853E007CC2FE /* A2_iOS_Naomi_101441399UITests */ = {
			isa = PBXNativeTarget;
			buildConfigurationList = 12FD6D082D97853E007CC2FE /* Build configuration list for PBXNativeTarget "A2_iOS_Naomi_101441399UITests" */;
			buildPhases = (
				12FD6CF42D97853E007CC2FE /* Sources */,
				12FD6CF52D97853E007CC2FE /* Frameworks */,
				12FD6CF62D97853E007CC2FE /* Resources */,
			);
			buildRules = (
			);
			dependencies = (
				12FD6CFA2D97853E007CC2FE /* PBXTargetDependency */,
			);
			name = A2_iOS_Naomi_101441399UITests;
			productName = A2_iOS_Naomi_101441399UITests;
			productReference = 12FD6CF82D97853E007CC2FE /* A2_iOS_Naomi_101441399UITests.xctest */;
			productType = "com.apple.product-type.bundle.ui-testing";
		};
/* End PBXNativeTarget section */

/* Begin PBXProject section */
		12FD6CD12D97853C007CC2FE /* Project object */ = {
			isa = PBXProject;
			attributes = {
				BuildIndependentTargetsInParallel = 1;
				LastSwiftUpdateCheck = 1500;
				LastUpgradeCheck = 1500;
				TargetAttributes = {
					12FD6CD82D97853C007CC2FE = {
						CreatedOnToolsVersion = 15.0;
					};
					12FD6CED2D97853E007CC2FE = {
						CreatedOnToolsVersion = 15.0;
						TestTargetID = 12FD6CD82D97853C007CC2FE;
					};
					12FD6CF72D97853E007CC2FE = {
						CreatedOnToolsVersion = 15.0;
						TestTargetID = 12FD6CD82D97853C007CC2FE;
					};
				};
			};
			buildConfigurationList = 12FD6CD42D97853C007CC2FE /* Build configuration list for PBXProject "A2_iOS_Naomi_101441399" */;
			compatibilityVersion = "Xcode 14.0";
			developmentRegion = en;
			hasScannedForEncodings = 0;
			knownRegions = (
				en,
				Base,
			);
			mainGroup = 12FD6CD02D97853C007CC2FE;
			productRefGroup = 12FD6CDA2D97853C007CC2FE /* Products */;
			projectDirPath = "";
			projectRoot = "";
			targets = (
				12FD6CD82D97853C007CC2FE /* A2_iOS_Naomi_101441399 */,
				12FD6CED2D97853E007CC2FE /* A2_iOS_Naomi_101441399Tests */,
				12FD6CF72D97853E007CC2FE /* A2_iOS_Naomi_101441399UITests */,
			);
		};
/* End PBXProject section */

/* Begin PBXResourcesBuildPhase section */
		12FD6CD72D97853C007CC2FE /* Resources */ = {
			isa = PBXResourcesBuildPhase;
			buildActionMask = 2147483647;
			files = (
				12FD6CE42D97853E007CC2FE /* Preview Assets.xcassets in Resources */,
				12FD6CE12D97853E007CC2FE /* Assets.xcassets in Resources */,
			);
			runOnlyForDeploymentPostprocessing = 0;
		};
		12FD6CEC2D97853E007CC2FE /* Resources */ = {
			isa = PBXResourcesBuildPhase;
			buildActionMask = 2147483647;
			files = (
			);
			runOnlyForDeploymentPostprocessing = 0;
		};
		12FD6CF62D97853E007CC2FE /* Resources */ = {
			isa = PBXResourcesBuildPhase;
			buildActionMask = 2147483647;
			files = (
			);
			runOnlyForDeploymentPostprocessing = 0;
		};
/* End PBXResourcesBuildPhase section */

/* Begin PBXSourcesBuildPhase section */
		12FD6CD52D97853C007CC2FE /* Sources */ = {
			isa = PBXSourcesBuildPhase;
			buildActionMask = 2147483647;
			files = (
				12470EFA2D978A9900C97170 /* EditProductView.swift in Sources */,
				12FD6CE62D97853E007CC2FE /* Persistence.swift in Sources */,
				12470EFC2D978BA900C97170 /* AddProductView.swift in Sources */,
				12FD6D0C2D9786E7007CC2FE /* ProductDetailView.swift in Sources */,
				12FD6CDF2D97853C007CC2FE /* ContentView.swift in Sources */,
				12FD6CE92D97853E007CC2FE /* A2_iOS_Naomi_101441399.xcdatamodeld in Sources */,
				12FD6CDD2D97853C007CC2FE /* A2_iOS_Naomi_101441399App.swift in Sources */,
			);
			runOnlyForDeploymentPostprocessing = 0;
		};
		12FD6CEA2D97853E007CC2FE /* Sources */ = {
			isa = PBXSourcesBuildPhase;
			buildActionMask = 2147483647;
			files = (
				12FD6CF32D97853E007CC2FE /* A2_iOS_Naomi_101441399Tests.swift in Sources */,
			);
			runOnlyForDeploymentPostprocessing = 0;
		};
		12FD6CF42D97853E007CC2FE /* Sources */ = {
			isa = PBXSourcesBuildPhase;
			buildActionMask = 2147483647;
			files = (
				12FD6CFD2D97853E007CC2FE /* A2_iOS_Naomi_101441399UITests.swift in Sources */,
				12FD6CFF2D97853E007CC2FE /* A2_iOS_Naomi_101441399UITestsLaunchTests.swift in Sources */,
			);
			runOnlyForDeploymentPostprocessing = 0;
		};
/* End PBXSourcesBuildPhase section */

/* Begin PBXTargetDependency section */
		12FD6CF02D97853E007CC2FE /* PBXTargetDependency */ = {
			isa = PBXTargetDependency;
			target = 12FD6CD82D97853C007CC2FE /* A2_iOS_Naomi_101441399 */;
			targetProxy = 12FD6CEF2D97853E007CC2FE /* PBXContainerItemProxy */;
		};
		12FD6CFA2D97853E007CC2FE /* PBXTargetDependency */ = {
			isa = PBXTargetDependency;
			target = 12FD6CD82D97853C007CC2FE /* A2_iOS_Naomi_101441399 */;
			targetProxy = 12FD6CF92D97853E007CC2FE /* PBXContainerItemProxy */;
		};
/* End PBXTargetDependency section */

/* Begin XCBuildConfiguration section */
		12FD6D002D97853E007CC2FE /* Debug */ = {
			isa = XCBuildConfiguration;
			buildSettings = {
				ALWAYS_SEARCH_USER_PATHS = NO;
				ASSETCATALOG_COMPILER_GENERATE_SWIFT_ASSET_SYMBOL_EXTENSIONS = YES;
				CLANG_ANALYZER_NONNULL = YES;
				CLANG_ANALYZER_NUMBER_OBJECT_CONVERSION = YES_AGGRESSIVE;
				CLANG_CXX_LANGUAGE_STANDARD = "gnu++20";
				CLANG_ENABLE_MODULES = YES;
				CLANG_ENABLE_OBJC_ARC = YES;
				CLANG_ENABLE_OBJC_WEAK = YES;
				CLANG_WARN_BLOCK_CAPTURE_AUTORELEASING = YES;
				CLANG_WARN_BOOL_CONVERSION = YES;
				CLANG_WARN_COMMA = YES;
				CLANG_WARN_CONSTANT_CONVERSION = YES;
				CLANG_WARN_DEPRECATED_OBJC_IMPLEMENTATIONS = YES;
				CLANG_WARN_DIRECT_OBJC_ISA_USAGE = YES_ERROR;
				CLANG_WARN_DOCUMENTATION_COMMENTS = YES;
				CLANG_WARN_EMPTY_BODY = YES;
				CLANG_WARN_ENUM_CONVERSION = YES;
				CLANG_WARN_INFINITE_RECURSION = YES;
				CLANG_WARN_INT_CONVERSION = YES;
				CLANG_WARN_NON_LITERAL_NULL_CONVERSION = YES;
				CLANG_WARN_OBJC_IMPLICIT_RETAIN_SELF = YES;
				CLANG_WARN_OBJC_LITERAL_CONVERSION = YES;
				CLANG_WARN_OBJC_ROOT_CLASS = YES_ERROR;
				CLANG_WARN_QUOTED_INCLUDE_IN_FRAMEWORK_HEADER = YES;
				CLANG_WARN_RANGE_LOOP_ANALYSIS = YES;
				CLANG_WARN_STRICT_PROTOTYPES = YES;
				CLANG_WARN_SUSPICIOUS_MOVE = YES;
				CLANG_WARN_UNGUARDED_AVAILABILITY = YES_AGGRESSIVE;
				CLANG_WARN_UNREACHABLE_CODE = YES;
				CLANG_WARN__DUPLICATE_METHOD_MATCH = YES;
				COPY_PHASE_STRIP = NO;
				DEBUG_INFORMATION_FORMAT = dwarf;
				ENABLE_STRICT_OBJC_MSGSEND = YES;
				ENABLE_TESTABILITY = YES;
				ENABLE_USER_SCRIPT_SANDBOXING = YES;
				GCC_C_LANGUAGE_STANDARD = gnu17;
				GCC_DYNAMIC_NO_PIC = NO;
				GCC_NO_COMMON_BLOCKS = YES;
				GCC_OPTIMIZATION_LEVEL = 0;
				GCC_PREPROCESSOR_DEFINITIONS = (
					"DEBUG=1",
					"$(inherited)",
				);
				GCC_WARN_64_TO_32_BIT_CONVERSION = YES;
				GCC_WARN_ABOUT_RETURN_TYPE = YES_ERROR;
				GCC_WARN_UNDECLARED_SELECTOR = YES;
				GCC_WARN_UNINITIALIZED_AUTOS = YES_AGGRESSIVE;
				GCC_WARN_UNUSED_FUNCTION = YES;
				GCC_WARN_UNUSED_VARIABLE = YES;
				IPHONEOS_DEPLOYMENT_TARGET = 17.0;
				LOCALIZATION_PREFERS_STRING_CATALOGS = YES;
				MTL_ENABLE_DEBUG_INFO = INCLUDE_SOURCE;
				MTL_FAST_MATH = YES;
				ONLY_ACTIVE_ARCH = YES;
				SDKROOT = iphoneos;
				SWIFT_ACTIVE_COMPILATION_CONDITIONS = "DEBUG $(inherited)";
				SWIFT_OPTIMIZATION_LEVEL = "-Onone";
			};
			name = Debug;
		};
		12FD6D012D97853E007CC2FE /* Release */ = {
			isa = XCBuildConfiguration;
			buildSettings = {
				ALWAYS_SEARCH_USER_PATHS = NO;
				ASSETCATALOG_COMPILER_GENERATE_SWIFT_ASSET_SYMBOL_EXTENSIONS = YES;
				CLANG_ANALYZER_NONNULL = YES;
				CLANG_ANALYZER_NUMBER_OBJECT_CONVERSION = YES_AGGRESSIVE;
				CLANG_CXX_LANGUAGE_STANDARD = "gnu++20";
				CLANG_ENABLE_MODULES = YES;
				CLANG_ENABLE_OBJC_ARC = YES;
				CLANG_ENABLE_OBJC_WEAK = YES;
				CLANG_WARN_BLOCK_CAPTURE_AUTORELEASING = YES;
				CLANG_WARN_BOOL_CONVERSION = YES;
				CLANG_WARN_COMMA = YES;
				CLANG_WARN_CONSTANT_CONVERSION = YES;
				CLANG_WARN_DEPRECATED_OBJC_IMPLEMENTATIONS = YES;
				CLANG_WARN_DIRECT_OBJC_ISA_USAGE = YES_ERROR;
				CLANG_WARN_DOCUMENTATION_COMMENTS = YES;
				CLANG_WARN_EMPTY_BODY = YES;
				CLANG_WARN_ENUM_CONVERSION = YES;
				CLANG_WARN_INFINITE_RECURSION = YES;
				CLANG_WARN_INT_CONVERSION = YES;
				CLANG_WARN_NON_LITERAL_NULL_CONVERSION = YES;
				CLANG_WARN_OBJC_IMPLICIT_RETAIN_SELF = YES;
				CLANG_WARN_OBJC_LITERAL_CONVERSION = YES;
				CLANG_WARN_OBJC_ROOT_CLASS = YES_ERROR;
				CLANG_WARN_QUOTED_INCLUDE_IN_FRAMEWORK_HEADER = YES;
				CLANG_WARN_RANGE_LOOP_ANALYSIS = YES;
				CLANG_WARN_STRICT_PROTOTYPES = YES;
				CLANG_WARN_SUSPICIOUS_MOVE = YES;
				CLANG_WARN_UNGUARDED_AVAILABILITY = YES_AGGRESSIVE;
				CLANG_WARN_UNREACHABLE_CODE = YES;
				CLANG_WARN__DUPLICATE_METHOD_MATCH = YES;
				COPY_PHASE_STRIP = NO;
				DEBUG_INFORMATION_FORMAT = "dwarf-with-dsym";
				ENABLE_NS_ASSERTIONS = NO;
				ENABLE_STRICT_OBJC_MSGSEND = YES;
				ENABLE_USER_SCRIPT_SANDBOXING = YES;
				GCC_C_LANGUAGE_STANDARD = gnu17;
				GCC_NO_COMMON_BLOCKS = YES;
				GCC_WARN_64_TO_32_BIT_CONVERSION = YES;
				GCC_WARN_ABOUT_RETURN_TYPE = YES_ERROR;
				GCC_WARN_UNDECLARED_SELECTOR = YES;
				GCC_WARN_UNINITIALIZED_AUTOS = YES_AGGRESSIVE;
				GCC_WARN_UNUSED_FUNCTION = YES;
				GCC_WARN_UNUSED_VARIABLE = YES;
				IPHONEOS_DEPLOYMENT_TARGET = 17.0;
				LOCALIZATION_PREFERS_STRING_CATALOGS = YES;
				MTL_ENABLE_DEBUG_INFO = NO;
				MTL_FAST_MATH = YES;
				SDKROOT = iphoneos;
				SWIFT_COMPILATION_MODE = wholemodule;
				VALIDATE_PRODUCT = YES;
			};
			name = Release;
		};
		12FD6D032D97853E007CC2FE /* Debug */ = {
			isa = XCBuildConfiguration;
			buildSettings = {
				ASSETCATALOG_COMPILER_APPICON_NAME = AppIcon;
				ASSETCATALOG_COMPILER_GLOBAL_ACCENT_COLOR_NAME = AccentColor;
				CODE_SIGN_STYLE = Automatic;
				CURRENT_PROJECT_VERSION = 1;
				DEVELOPMENT_ASSET_PATHS = "\"A2_iOS_Naomi_101441399/Preview Content\"";
				DEVELOPMENT_TEAM = 8LS34PF4B5;
				ENABLE_PREVIEWS = YES;
				GENERATE_INFOPLIST_FILE = YES;
				INFOPLIST_KEY_UIApplicationSceneManifest_Generation = YES;
				INFOPLIST_KEY_UIApplicationSupportsIndirectInputEvents = YES;
				INFOPLIST_KEY_UILaunchScreen_Generation = YES;
				INFOPLIST_KEY_UISupportedInterfaceOrientations_iPad = "UIInterfaceOrientationPortrait UIInterfaceOrientationPortraitUpsideDown UIInterfaceOrientationLandscapeLeft UIInterfaceOrientationLandscapeRight";
				INFOPLIST_KEY_UISupportedInterfaceOrientations_iPhone = "UIInterfaceOrientationPortrait UIInterfaceOrientationLandscapeLeft UIInterfaceOrientationLandscapeRight";
				LD_RUNPATH_SEARCH_PATHS = (
					"$(inherited)",
					"@executable_path/Frameworks",
				);
				MARKETING_VERSION = 1.0;
				PRODUCT_BUNDLE_IDENTIFIER = "ca.gbc.A2-iOS-Naomi-101441399";
				PRODUCT_NAME = "$(TARGET_NAME)";
				SWIFT_EMIT_LOC_STRINGS = YES;
				SWIFT_VERSION = 5.0;
				TARGETED_DEVICE_FAMILY = "1,2";
			};
			name = Debug;
		};
		12FD6D042D97853E007CC2FE /* Release */ = {
			isa = XCBuildConfiguration;
			buildSettings = {
				ASSETCATALOG_COMPILER_APPICON_NAME = AppIcon;
				ASSETCATALOG_COMPILER_GLOBAL_ACCENT_COLOR_NAME = AccentColor;
				CODE_SIGN_STYLE = Automatic;
				CURRENT_PROJECT_VERSION = 1;
				DEVELOPMENT_ASSET_PATHS = "\"A2_iOS_Naomi_101441399/Preview Content\"";
				DEVELOPMENT_TEAM = 8LS34PF4B5;
				ENABLE_PREVIEWS = YES;
				GENERATE_INFOPLIST_FILE = YES;
				INFOPLIST_KEY_UIApplicationSceneManifest_Generation = YES;
				INFOPLIST_KEY_UIApplicationSupportsIndirectInputEvents = YES;
				INFOPLIST_KEY_UILaunchScreen_Generation = YES;
				INFOPLIST_KEY_UISupportedInterfaceOrientations_iPad = "UIInterfaceOrientationPortrait UIInterfaceOrientationPortraitUpsideDown UIInterfaceOrientationLandscapeLeft UIInterfaceOrientationLandscapeRight";
				INFOPLIST_KEY_UISupportedInterfaceOrientations_iPhone = "UIInterfaceOrientationPortrait UIInterfaceOrientationLandscapeLeft UIInterfaceOrientationLandscapeRight";
				LD_RUNPATH_SEARCH_PATHS = (
					"$(inherited)",
					"@executable_path/Frameworks",
				);
				MARKETING_VERSION = 1.0;
				PRODUCT_BUNDLE_IDENTIFIER = "ca.gbc.A2-iOS-Naomi-101441399";
				PRODUCT_NAME = "$(TARGET_NAME)";
				SWIFT_EMIT_LOC_STRINGS = YES;
				SWIFT_VERSION = 5.0;
				TARGETED_DEVICE_FAMILY = "1,2";
			};
			name = Release;
		};
		12FD6D062D97853E007CC2FE /* Debug */ = {
			isa = XCBuildConfiguration;
			buildSettings = {
				ALWAYS_EMBED_SWIFT_STANDARD_LIBRARIES = YES;
				BUNDLE_LOADER = "$(TEST_HOST)";
				CODE_SIGN_STYLE = Automatic;
				CURRENT_PROJECT_VERSION = 1;
				DEVELOPMENT_TEAM = 8LS34PF4B5;
				GENERATE_INFOPLIST_FILE = YES;
				IPHONEOS_DEPLOYMENT_TARGET = 17.0;
				MARKETING_VERSION = 1.0;
				PRODUCT_BUNDLE_IDENTIFIER = "ca.gbc.A2-iOS-Naomi-101441399Tests";
				PRODUCT_NAME = "$(TARGET_NAME)";
				SWIFT_EMIT_LOC_STRINGS = NO;
				SWIFT_VERSION = 5.0;
				TARGETED_DEVICE_FAMILY = "1,2";
				TEST_HOST = "$(BUILT_PRODUCTS_DIR)/A2_iOS_Naomi_101441399.app/$(BUNDLE_EXECUTABLE_FOLDER_PATH)/A2_iOS_Naomi_101441399";
			};
			name = Debug;
		};
		12FD6D072D97853E007CC2FE /* Release */ = {
			isa = XCBuildConfiguration;
			buildSettings = {
				ALWAYS_EMBED_SWIFT_STANDARD_LIBRARIES = YES;
				BUNDLE_LOADER = "$(TEST_HOST)";
				CODE_SIGN_STYLE = Automatic;
				CURRENT_PROJECT_VERSION = 1;
				DEVELOPMENT_TEAM = 8LS34PF4B5;
				GENERATE_INFOPLIST_FILE = YES;
				IPHONEOS_DEPLOYMENT_TARGET = 17.0;
				MARKETING_VERSION = 1.0;
				PRODUCT_BUNDLE_IDENTIFIER = "ca.gbc.A2-iOS-Naomi-101441399Tests";
				PRODUCT_NAME = "$(TARGET_NAME)";
				SWIFT_EMIT_LOC_STRINGS = NO;
				SWIFT_VERSION = 5.0;
				TARGETED_DEVICE_FAMILY = "1,2";
				TEST_HOST = "$(BUILT_PRODUCTS_DIR)/A2_iOS_Naomi_101441399.app/$(BUNDLE_EXECUTABLE_FOLDER_PATH)/A2_iOS_Naomi_101441399";
			};
			name = Release;
		};
		12FD6D092D97853E007CC2FE /* Debug */ = {
			isa = XCBuildConfiguration;
			buildSettings = {
				ALWAYS_EMBED_SWIFT_STANDARD_LIBRARIES = YES;
				CODE_SIGN_STYLE = Automatic;
				CURRENT_PROJECT_VERSION = 1;
				DEVELOPMENT_TEAM = 8LS34PF4B5;
				GENERATE_INFOPLIST_FILE = YES;
				MARKETING_VERSION = 1.0;
				PRODUCT_BUNDLE_IDENTIFIER = "ca.gbc.A2-iOS-Naomi-101441399UITests";
				PRODUCT_NAME = "$(TARGET_NAME)";
				SWIFT_EMIT_LOC_STRINGS = NO;
				SWIFT_VERSION = 5.0;
				TARGETED_DEVICE_FAMILY = "1,2";
				TEST_TARGET_NAME = A2_iOS_Naomi_101441399;
			};
			name = Debug;
		};
		12FD6D0A2D97853E007CC2FE /* Release */ = {
			isa = XCBuildConfiguration;
			buildSettings = {
				ALWAYS_EMBED_SWIFT_STANDARD_LIBRARIES = YES;
				CODE_SIGN_STYLE = Automatic;
				CURRENT_PROJECT_VERSION = 1;
				DEVELOPMENT_TEAM = 8LS34PF4B5;
				GENERATE_INFOPLIST_FILE = YES;
				MARKETING_VERSION = 1.0;
				PRODUCT_BUNDLE_IDENTIFIER = "ca.gbc.A2-iOS-Naomi-101441399UITests";
				PRODUCT_NAME = "$(TARGET_NAME)";
				SWIFT_EMIT_LOC_STRINGS = NO;
				SWIFT_VERSION = 5.0;
				TARGETED_DEVICE_FAMILY = "1,2";
				TEST_TARGET_NAME = A2_iOS_Naomi_101441399;
			};
			name = Release;
		};
/* End XCBuildConfiguration section */

/* Begin XCConfigurationList section */
		12FD6CD42D97853C007CC2FE /* Build configuration list for PBXProject "A2_iOS_Naomi_101441399" */ = {
			isa = XCConfigurationList;
			buildConfigurations = (
				12FD6D002D97853E007CC2FE /* Debug */,
				12FD6D012D97853E007CC2FE /* Release */,
			);
			defaultConfigurationIsVisible = 0;
			defaultConfigurationName = Release;
		};
		12FD6D022D97853E007CC2FE /* Build configuration list for PBXNativeTarget "A2_iOS_Naomi_101441399" */ = {
			isa = XCConfigurationList;
			buildConfigurations = (
				12FD6D032D97853E007CC2FE /* Debug */,
				12FD6D042D97853E007CC2FE /* Release */,
			);
			defaultConfigurationIsVisible = 0;
			defaultConfigurationName = Release;
		};
		12FD6D052D97853E007CC2FE /* Build configuration list for PBXNativeTarget "A2_iOS_Naomi_101441399Tests" */ = {
			isa = XCConfigurationList;
			buildConfigurations = (
				12FD6D062D97853E007CC2FE /* Debug */,
				12FD6D072D97853E007CC2FE /* Release */,
			);
			defaultConfigurationIsVisible = 0;
			defaultConfigurationName = Release;
		};
		12FD6D082D97853E007CC2FE /* Build configuration list for PBXNativeTarget "A2_iOS_Naomi_101441399UITests" */ = {
			isa = XCConfigurationList;
			buildConfigurations = (
				12FD6D092D97853E007CC2FE /* Debug */,
				12FD6D0A2D97853E007CC2FE /* Release */,
			);
			defaultConfigurationIsVisible = 0;
			defaultConfigurationName = Release;
		};
/* End XCConfigurationList section */

/* Begin XCVersionGroup section */
		12FD6CE72D97853E007CC2FE /* A2_iOS_Naomi_101441399.xcdatamodeld */ = {
			isa = XCVersionGroup;
			children = (
				12FD6CE82D97853E007CC2FE /* A2_iOS_Naomi_101441399.xcdatamodel */,
			);
			currentVersion = 12FD6CE82D97853E007CC2FE /* A2_iOS_Naomi_101441399.xcdatamodel */;
			path = A2_iOS_Naomi_101441399.xcdatamodeld;
			sourceTree = "<group>";
			versionGroupType = wrapper.xcdatamodel;
		};
/* End XCVersionGroup section */
	};
	rootObject = 12FD6CD12D97853C007CC2FE /* Project object */;
}
